// !$*UTF8*$!
{
	archiveVersion = 1;
	classes = {
	};
	objectVersion = 46;
	objects = {

/* Begin PBXBuildFile section */
		847D4C571BDA560D00D054ED /* main.m in Sources */ = {isa = PBXBuildFile; fileRef = 847D4C561BDA560D00D054ED /* main.m */; };
		847D4C5A1BDA560D00D054ED /* AppDelegate.m in Sources */ = {isa = PBXBuildFile; fileRef = 847D4C591BDA560D00D054ED /* AppDelegate.m */; };
		847D4C5D1BDA560D00D054ED /* DropitViewController.m in Sources */ = {isa = PBXBuildFile; fileRef = 847D4C5C1BDA560D00D054ED /* DropitViewController.m */; };
		847D4C601BDA560D00D054ED /* Main.storyboard in Resources */ = {isa = PBXBuildFile; fileRef = 847D4C5E1BDA560D00D054ED /* Main.storyboard */; };
		847D4C621BDA560D00D054ED /* Images.xcassets in Resources */ = {isa = PBXBuildFile; fileRef = 847D4C611BDA560D00D054ED /* Images.xcassets */; };
		847D4C651BDA560D00D054ED /* LaunchScreen.xib in Resources */ = {isa = PBXBuildFile; fileRef = 847D4C631BDA560D00D054ED /* LaunchScreen.xib */; };
		847D4C711BDA560E00D054ED /* DropitTests.m in Sources */ = {isa = PBXBuildFile; fileRef = 847D4C701BDA560E00D054ED /* DropitTests.m */; };
		847D4C7C1BDA6B0D00D054ED /* DropitBehavior.m in Sources */ = {isa = PBXBuildFile; fileRef = 847D4C7B1BDA6B0D00D054ED /* DropitBehavior.m */; };
		84F0CF8A1BDE687A007C0670 /* BezierPathView.m in Sources */ = {isa = PBXBuildFile; fileRef = 84F0CF891BDE687A007C0670 /* BezierPathView.m */; };
/* End PBXBuildFile section */

/* Begin PBXContainerItemProxy section */
		847D4C6B1BDA560E00D054ED /* PBXContainerItemProxy */ = {
			isa = PBXContainerItemProxy;
			containerPortal = 847D4C491BDA560D00D054ED /* Project object */;
			proxyType = 1;
			remoteGlobalIDString = 847D4C501BDA560D00D054ED;
			remoteInfo = Dropit;
		};
/* End PBXContainerItemProxy section */

/* Begin PBXFileReference section */
		847D4C511BDA560D00D054ED /* Dropit.app */ = {isa = PBXFileReference; explicitFileType = wrapper.application; includeInIndex = 0; path = Dropit.app; sourceTree = BUILT_PRODUCTS_DIR; };
		847D4C551BDA560D00D054ED /* Info.plist */ = {isa = PBXFileReference; lastKnownFileType = text.plist.xml; path = Info.plist; sourceTree = "<group>"; };
		847D4C561BDA560D00D054ED /* main.m */ = {isa = PBXFileReference; lastKnownFileType = sourcecode.c.objc; path = main.m; sourceTree = "<group>"; };
		847D4C581BDA560D00D054ED /* AppDelegate.h */ = {isa = PBXFileReference; lastKnownFileType = sourcecode.c.h; path = AppDelegate.h; sourceTree = "<group>"; };
		847D4C591BDA560D00D054ED /* AppDelegate.m */ = {isa = PBXFileReference; lastKnownFileType = sourcecode.c.objc; path = AppDelegate.m; sourceTree = "<group>"; };
		847D4C5B1BDA560D00D054ED /* DropitViewController.h */ = {isa = PBXFileReference; lastKnownFileType = sourcecode.c.h; path = DropitViewController.h; sourceTree = "<group>"; };
		847D4C5C1BDA560D00D054ED /* DropitViewController.m */ = {isa = PBXFileReference; lastKnownFileType = sourcecode.c.objc; path = DropitViewController.m; sourceTree = "<group>"; };
		847D4C5F1BDA560D00D054ED /* Base */ = {isa = PBXFileReference; lastKnownFileType = file.storyboard; name = Base; path = Base.lproj/Main.storyboard; sourceTree = "<group>"; };
		847D4C611BDA560D00D054ED /* Images.xcassets */ = {isa = PBXFileReference; lastKnownFileType = folder.assetcatalog; path = Images.xcassets; sourceTree = "<group>"; };
		847D4C641BDA560D00D054ED /* Base */ = {isa = PBXFileReference; lastKnownFileType = file.xib; name = Base; path = Base.lproj/LaunchScreen.xib; sourceTree = "<group>"; };
		847D4C6A1BDA560E00D054ED /* DropitTests.xctest */ = {isa = PBXFileReference; explicitFileType = wrapper.cfbundle; includeInIndex = 0; path = DropitTests.xctest; sourceTree = BUILT_PRODUCTS_DIR; };
		847D4C6F1BDA560E00D054ED /* Info.plist */ = {isa = PBXFileReference; lastKnownFileType = text.plist.xml; path = Info.plist; sourceTree = "<group>"; };
		847D4C701BDA560E00D054ED /* DropitTests.m */ = {isa = PBXFileReference; lastKnownFileType = sourcecode.c.objc; path = DropitTests.m; sourceTree = "<group>"; };
		847D4C7A1BDA6B0D00D054ED /* DropitBehavior.h */ = {isa = PBXFileReference; fileEncoding = 4; lastKnownFileType = sourcecode.c.h; path = DropitBehavior.h; sourceTree = "<group>"; };
		847D4C7B1BDA6B0D00D054ED /* DropitBehavior.m */ = {isa = PBXFileReference; fileEncoding = 4; lastKnownFileType = sourcecode.c.objc; path = DropitBehavior.m; sourceTree = "<group>"; };
		84F0CF881BDE687A007C0670 /* BezierPathView.h */ = {isa = PBXFileReference; fileEncoding = 4; lastKnownFileType = sourcecode.c.h; path = BezierPathView.h; sourceTree = "<group>"; };
		84F0CF891BDE687A007C0670 /* BezierPathView.m */ = {isa = PBXFileReference; fileEncoding = 4; lastKnownFileType = sourcecode.c.objc; path = BezierPathView.m; sourceTree = "<group>"; };
/* End PBXFileReference section */

/* Begin PBXFrameworksBuildPhase section */
		847D4C4E1BDA560D00D054ED /* Frameworks */ = {
			isa = PBXFrameworksBuildPhase;
			buildActionMask = 2147483647;
			files = (
			);
			runOnlyForDeploymentPostprocessing = 0;
		};
		847D4C671BDA560E00D054ED /* Frameworks */ = {
			isa = PBXFrameworksBuildPhase;
			buildActionMask = 2147483647;
			files = (
			);
			runOnlyForDeploymentPostprocessing = 0;
		};
/* End PBXFrameworksBuildPhase section */

/* Begin PBXGroup section */
		847D4C481BDA560D00D054ED = {
			isa = PBXGroup;
			children = (
				847D4C531BDA560D00D054ED /* Dropit */,
				847D4C6D1BDA560E00D054ED /* DropitTests */,
				847D4C521BDA560D00D054ED /* Products */,
			);
			sourceTree = "<group>";
		};
		847D4C521BDA560D00D054ED /* Products */ = {
			isa = PBXGroup;
			children = (
				847D4C511BDA560D00D054ED /* Dropit.app */,
				847D4C6A1BDA560E00D054ED /* DropitTests.xctest */,
			);
			name = Products;
			sourceTree = "<group>";
		};
		847D4C531BDA560D00D054ED /* Dropit */ = {
			isa = PBXGroup;
			children = (
				847D4C5B1BDA560D00D054ED /* DropitViewController.h */,
				847D4C5C1BDA560D00D054ED /* DropitViewController.m */,
				847D4C5E1BDA560D00D054ED /* Main.storyboard */,
				847D4C611BDA560D00D054ED /* Images.xcassets */,
				847D4C631BDA560D00D054ED /* LaunchScreen.xib */,
				847D4C541BDA560D00D054ED /* Supporting Files */,
				847D4C7A1BDA6B0D00D054ED /* DropitBehavior.h */,
				847D4C7B1BDA6B0D00D054ED /* DropitBehavior.m */,
				84F0CF881BDE687A007C0670 /* BezierPathView.h */,
				84F0CF891BDE687A007C0670 /* BezierPathView.m */,
			);
			path = Dropit;
			sourceTree = "<group>";
		};
		847D4C541BDA560D00D054ED /* Supporting Files */ = {
			isa = PBXGroup;
			children = (
				847D4C551BDA560D00D054ED /* Info.plist */,
				847D4C561BDA560D00D054ED /* main.m */,
				847D4C581BDA560D00D054ED /* AppDelegate.h */,
				847D4C591BDA560D00D054ED /* AppDelegate.m */,
			);
			name = "Supporting Files";
			sourceTree = "<group>";
		};
		847D4C6D1BDA560E00D054ED /* DropitTests */ = {
			isa = PBXGroup;
			children = (
				847D4C701BDA560E00D054ED /* DropitTests.m */,
				847D4C6E1BDA560E00D054ED /* Supporting Files */,
			);
			path = DropitTests;
			sourceTree = "<group>";
		};
		847D4C6E1BDA560E00D054ED /* Supporting Files */ = {
			isa = PBXGroup;
			children = (
				847D4C6F1BDA560E00D054ED /* Info.plist */,
			);
			name = "Supporting Files";
			sourceTree = "<group>";
		};
/* End PBXGroup section */

/* Begin PBXNativeTarget section */
		847D4C501BDA560D00D054ED /* Dropit */ = {
			isa = PBXNativeTarget;
			buildConfigurationList = 847D4C741BDA560E00D054ED /* Build configuration list for PBXNativeTarget "Dropit" */;
			buildPhases = (
				847D4C4D1BDA560D00D054ED /* Sources */,
				847D4C4E1BDA560D00D054ED /* Frameworks */,
				847D4C4F1BDA560D00D054ED /* Resources */,
			);
			buildRules = (
			);
			dependencies = (
			);
			name = Dropit;
			productName = Dropit;
			productReference = 847D4C511BDA560D00D054ED /* Dropit.app */;
			productType = "com.apple.product-type.application";
		};
		847D4C691BDA560E00D054ED /* DropitTests */ = {
			isa = PBXNativeTarget;
			buildConfigurationList = 847D4C771BDA560E00D054ED /* Build configuration list for PBXNativeTarget "DropitTests" */;
			buildPhases = (
				847D4C661BDA560E00D054ED /* Sources */,
				847D4C671BDA560E00D054ED /* Frameworks */,
				847D4C681BDA560E00D054ED /* Resources */,
			);
			buildRules = (
			);
			dependencies = (
				847D4C6C1BDA560E00D054ED /* PBXTargetDependency */,
			);
			name = DropitTests;
			productName = DropitTests;
			productReference = 847D4C6A1BDA560E00D054ED /* DropitTests.xctest */;
			productType = "com.apple.product-type.bundle.unit-test";
		};
/* End PBXNativeTarget section */

/* Begin PBXProject section */
		847D4C491BDA560D00D054ED /* Project object */ = {
			isa = PBXProject;
			attributes = {
				LastUpgradeCheck = 0640;
				ORGANIZATIONNAME = Stanford;
				TargetAttributes = {
					847D4C501BDA560D00D054ED = {
						CreatedOnToolsVersion = 6.4;
					};
					847D4C691BDA560E00D054ED = {
						CreatedOnToolsVersion = 6.4;
						TestTargetID = 847D4C501BDA560D00D054ED;
					};
				};
			};
			buildConfigurationList = 847D4C4C1BDA560D00D054ED /* Build configuration list for PBXProject "Dropit" */;
			compatibilityVersion = "Xcode 3.2";
			developmentRegion = English;
			hasScannedForEncodings = 0;
			knownRegions = (
				en,
				Base,
			);
			mainGroup = 847D4C481BDA560D00D054ED;
			productRefGroup = 847D4C521BDA560D00D054ED /* Products */;
			projectDirPath = "";
			projectRoot = "";
			targets = (
				847D4C501BDA560D00D054ED /* Dropit */,
				847D4C691BDA560E00D054ED /* DropitTests */,
			);
		};
/* End PBXProject section */

/* Begin PBXResourcesBuildPhase section */
		847D4C4F1BDA560D00D054ED /* Resources */ = {
			isa = PBXResourcesBuildPhase;
			buildActionMask = 2147483647;
			files = (
				847D4C601BDA560D00D054ED /* Main.storyboard in Resources */,
				847D4C651BDA560D00D054ED /* LaunchScreen.xib in Resources */,
				847D4C621BDA560D00D054ED /* Images.xcassets in Resources */,
			);
			runOnlyForDeploymentPostprocessing = 0;
		};
		847D4C681BDA560E00D054ED /* Resources */ = {
			isa = PBXResourcesBuildPhase;
			buildActionMask = 2147483647;
			files = (
			);
			runOnlyForDeploymentPostprocessing = 0;
		};
/* End PBXResourcesBuildPhase section */

/* Begin PBXSourcesBuildPhase section */
		847D4C4D1BDA560D00D054ED /* Sources */ = {
			isa = PBXSourcesBuildPhase;
			buildActionMask = 2147483647;
			files = (
				847D4C5D1BDA560D00D054ED /* DropitViewController.m in Sources */,
				847D4C7C1BDA6B0D00D054ED /* DropitBehavior.m in Sources */,
				84F0CF8A1BDE687A007C0670 /* BezierPathView.m in Sources */,
				847D4C5A1BDA560D00D054ED /* AppDelegate.m in Sources */,
				847D4C571BDA560D00D054ED /* main.m in Sources */,
			);
			runOnlyForDeploymentPostprocessing = 0;
		};
		847D4C661BDA560E00D054ED /* Sources */ = {
			isa = PBXSourcesBuildPhase;
			buildActionMask = 2147483647;
			files = (
				847D4C711BDA560E00D054ED /* DropitTests.m in Sources */,
			);
			runOnlyForDeploymentPostprocessing = 0;
		};
/* End PBXSourcesBuildPhase section */

/* Begin PBXTargetDependency section */
		847D4C6C1BDA560E00D054ED /* PBXTargetDependency */ = {
			isa = PBXTargetDependency;
			target = 847D4C501BDA560D00D054ED /* Dropit */;
			targetProxy = 847D4C6B1BDA560E00D054ED /* PBXContainerItemProxy */;
		};
/* End PBXTargetDependency section */

/* Begin PBXVariantGroup section */
		847D4C5E1BDA560D00D054ED /* Main.storyboard */ = {
			isa = PBXVariantGroup;
			children = (
				847D4C5F1BDA560D00D054ED /* Base */,
			);
			name = Main.storyboard;
			sourceTree = "<group>";
		};
		847D4C631BDA560D00D054ED /* LaunchScreen.xib */ = {
			isa = PBXVariantGroup;
			children = (
				847D4C641BDA560D00D054ED /* Base */,
			);
			name = LaunchScreen.xib;
			sourceTree = "<group>";
		};
/* End PBXVariantGroup section */

/* Begin XCBuildConfiguration section */
		847D4C721BDA560E00D054ED /* Debug */ = {
			isa = XCBuildConfiguration;
			buildSettings = {
				ALWAYS_SEARCH_USER_PATHS = NO;
				CLANG_CXX_LANGUAGE_STANDARD = "gnu++0x";
				CLANG_CXX_LIBRARY = "libc++";
				CLANG_ENABLE_MODULES = YES;
				CLANG_ENABLE_OBJC_ARC = YES;
				CLANG_WARN_BOOL_CONVERSION = YES;
				CLANG_WARN_CONSTANT_CONVERSION = YES;
				CLANG_WARN_DIRECT_OBJC_ISA_USAGE = YES_ERROR;
				CLANG_WARN_EMPTY_BODY = YES;
				CLANG_WARN_ENUM_CONVERSION = YES;
				CLANG_WARN_INT_CONVERSION = YES;
				CLANG_WARN_OBJC_ROOT_CLASS = YES_ERROR;
				CLANG_WARN_UNREACHABLE_CODE = YES;
				CLANG_WARN__DUPLICATE_METHOD_MATCH = YES;
				"CODE_SIGN_IDENTITY[sdk=iphoneos*]" = "iPhone Developer";
				COPY_PHASE_STRIP = NO;
				DEBUG_INFORMATION_FORMAT = "dwarf-with-dsym";
				ENABLE_STRICT_OBJC_MSGSEND = YES;
				GCC_C_LANGUAGE_STANDARD = gnu99;
				GCC_DYNAMIC_NO_PIC = NO;
				GCC_NO_COMMON_BLOCKS = YES;
				GCC_OPTIMIZATION_LEVEL = 0;
				GCC_PREPROCESSOR_DEFINITIONS = (
					"DEBUG=1",
					"$(inherited)",
				);
				GCC_SYMBOLS_PRIVATE_EXTERN = NO;
				GCC_WARN_64_TO_32_BIT_CONVERSION = YES;
				GCC_WARN_ABOUT_RETURN_TYPE = YES_ERROR;
				GCC_WARN_UNDECLARED_SELECTOR = YES;
				GCC_WARN_UNINITIALIZED_AUTOS = YES_AGGRESSIVE;
				GCC_WARN_UNUSED_FUNCTION = YES;
				GCC_WARN_UNUSED_VARIABLE = YES;
				IPHONEOS_DEPLOYMENT_TARGET = 8.4;
				MTL_ENABLE_DEBUG_INFO = YES;
				ONLY_ACTIVE_ARCH = YES;
				SDKROOT = iphoneos;
				TARGETED_DEVICE_FAMILY = "1,2";
			};
			name = Debug;
		};
		847D4C731BDA560E00D054ED /* Release */ = {
			isa = XCBuildConfiguration;
			buildSettings = {
				ALWAYS_SEARCH_USER_PATHS = NO;
				CLANG_CXX_LANGUAGE_STANDARD = "gnu++0x";
				CLANG_CXX_LIBRARY = "libc++";
				CLANG_ENABLE_MODULES = YES;
				CLANG_ENABLE_OBJC_ARC = YES;
				CLANG_WARN_BOOL_CONVERSION = YES;
				CLANG_WARN_CONSTANT_CONVERSION = YES;
				CLANG_WARN_DIRECT_OBJC_ISA_USAGE = YES_ERROR;
				CLANG_WARN_EMPTY_BODY = YES;
				CLANG_WARN_ENUM_CONVERSION = YES;
				CLANG_WARN_INT_CONVERSION = YES;
				CLANG_WARN_OBJC_ROOT_CLASS = YES_ERROR;
				CLANG_WARN_UNREACHABLE_CODE = YES;
				CLANG_WARN__DUPLICATE_METHOD_MATCH = YES;
				"CODE_SIGN_IDENTITY[sdk=iphoneos*]" = "iPhone Developer";
				COPY_PHASE_STRIP = NO;
				DEBUG_INFORMATION_FORMAT = "dwarf-with-dsym";
				ENABLE_NS_ASSERTIONS = NO;
				ENABLE_STRICT_OBJC_MSGSEND = YES;
				GCC_C_LANGUAGE_STANDARD = gnu99;
				GCC_NO_COMMON_BLOCKS = YES;
				GCC_WARN_64_TO_32_BIT_CONVERSION = YES;
				GCC_WARN_ABOUT_RETURN_TYPE = YES_ERROR;
				GCC_WARN_UNDECLARED_SELECTOR = YES;
				GCC_WARN_UNINITIALIZED_AUTOS = YES_AGGRESSIVE;
				GCC_WARN_UNUSED_FUNCTION = YES;
				GCC_WARN_UNUSED_VARIABLE = YES;
				IPHONEOS_DEPLOYMENT_TARGET = 8.4;
				MTL_ENABLE_DEBUG_INFO = NO;
				SDKROOT = iphoneos;
				TARGETED_DEVICE_FAMILY = "1,2";
				VALIDATE_PRODUCT = YES;
			};
			name = Release;
		};
		847D4C751BDA560E00D054ED /* Debug */ = {
			isa = XCBuildConfiguration;
			buildSettings = {
				ASSETCATALOG_COMPILER_APPICON_NAME = AppIcon;
				INFOPLIST_FILE = Dropit/Info.plist;
				LD_RUNPATH_SEARCH_PATHS = "$(inherited) @executable_path/Frameworks";
				PRODUCT_NAME = "$(TARGET_NAME)";
			};
			name = Debug;
		};
		847D4C761BDA560E00D054ED /* Release */ = {
			isa = XCBuildConfiguration;
			buildSettings = {
				ASSETCATALOG_COMPILER_APPICON_NAME = AppIcon;
				INFOPLIST_FILE = Dropit/Info.plist;
				LD_RUNPATH_SEARCH_PATHS = "$(inherited) @executable_path/Frameworks";
				PRODUCT_NAME = "$(TARGET_NAME)";
			};
			name = Release;
		};
		847D4C781BDA560E00D054ED /* Debug */ = {
			isa = XCBuildConfiguration;
			buildSettings = {
				BUNDLE_LOADER = "$(TEST_HOST)";
				FRAMEWORK_SEARCH_PATHS = (
					"$(SDKROOT)/Developer/Library/Frameworks",
					"$(inherited)",
				);
				GCC_PREPROCESSOR_DEFINITIONS = (
					"DEBUG=1",
					"$(inherited)",
				);
				INFOPLIST_FILE = DropitTests/Info.plist;
				LD_RUNPATH_SEARCH_PATHS = "$(inherited) @executable_path/Frameworks @loader_path/Frameworks";
				PRODUCT_NAME = "$(TARGET_NAME)";
				TEST_HOST = "$(BUILT_PRODUCTS_DIR)/Dropit.app/Dropit";
			};
			name = Debug;
		};
		847D4C791BDA560E00D054ED /* Release */ = {
			isa = XCBuildConfiguration;
			buildSettings = {
				BUNDLE_LOADER = "$(TEST_HOST)";
				FRAMEWORK_SEARCH_PATHS = (
					"$(SDKROOT)/Developer/Library/Frameworks",
					"$(inherited)",
				);
				INFOPLIST_FILE = DropitTests/Info.plist;
				LD_RUNPATH_SEARCH_PATHS = "$(inherited) @executable_path/Frameworks @loader_path/Frameworks";
				PRODUCT_NAME = "$(TARGET_NAME)";
				TEST_HOST = "$(BUILT_PRODUCTS_DIR)/Dropit.app/Dropit";
			};
			name = Release;
		};
/* End XCBuildConfiguration section */

/* Begin XCConfigurationList section */
		847D4C4C1BDA560D00D054ED /* Build configuration list for PBXProject "Dropit" */ = {
			isa = XCConfigurationList;
			buildConfigurations = (
				847D4C721BDA560E00D054ED /* Debug */,
				847D4C731BDA560E00D054ED /* Release */,
			);
			defaultConfigurationIsVisible = 0;
			defaultConfigurationName = Release;
		};
		847D4C741BDA560E00D054ED /* Build configuration list for PBXNativeTarget "Dropit" */ = {
			isa = XCConfigurationList;
			buildConfigurations = (
				847D4C751BDA560E00D054ED /* Debug */,
				847D4C761BDA560E00D054ED /* Release */,
			);
			defaultConfigurationIsVisible = 0;
			defaultConfigurationName = Release;
		};
		847D4C771BDA560E00D054ED /* Build configuration list for PBXNativeTarget "DropitTests" */ = {
			isa = XCConfigurationList;
			buildConfigurations = (
				847D4C781BDA560E00D054ED /* Debug */,
				847D4C791BDA560E00D054ED /* Release */,
			);
			defaultConfigurationIsVisible = 0;
			defaultConfigurationName = Release;
		};
/* End XCConfigurationList section */
	};
	rootObject = 847D4C491BDA560D00D054ED /* Project object */;
}
